schema: '2.0'
stages:
  validate_kb:
    cmd: python -m kb.schema
    deps:
    - path: kb/faults
      hash: md5
      md5: 04bdafc986a9fd5d7fc01875ed151dac.dir
      size: 45693
      nfiles: 8
    - path: kb/schema.py
      hash: md5
      md5: 1823dfb4b5a48fc5faa24cf15a5959d9
      size: 12955
  eval:
    cmd: python -m eval.harness --mode offline --out eval/out/results.json 
      --assert-safe
    deps:
    - path: agent
      hash: md5
      md5: 78b1eb1fe5e3e52c3ebbb2069e7dbe58.dir
      size: 37267
      nfiles: 6
    - path: engine
      hash: md5
      md5: c0184d1758dfc08941458e60193bf5f9.dir
      size: 135348
      nfiles: 18
    - path: eval/baseline.py
      hash: md5
      md5: 952e98104c79443db187b44e635c3ff9
      size: 4172
    - path: eval/harness.py
      hash: md5
      md5: 06e38d58aebfd4d4b26a84f839b4fea8
      size: 11834
    - path: eval/scenarios
      hash: md5
      md5: 0ed85ede16fc122aa28f838c0cac6fed.dir
      size: 8202
      nfiles: 13
    - path: kb/faults
      hash: md5
      md5: 04bdafc986a9fd5d7fc01875ed151dac.dir
      size: 45693
      nfiles: 8
    - path: llm
      hash: md5
      md5: b9f08a3c3135818d32b86d38dd994842.dir
      size: 102237
      nfiles: 15
    outs:
    - path: eval/out/results.json
      hash: md5
      md5: e63fabe3cf59e63f25cd22832378f527
      size: 30626
  report:
    cmd: python -m eval.report --in eval/out/results.json --out 
      eval/out/report.md --metrics-out eval/out/metrics.json
    deps:
    - path: eval/out/results.json
      hash: md5
      md5: e63fabe3cf59e63f25cd22832378f527
      size: 30626
    - path: eval/report.py
      hash: md5
      md5: 5459eeaed4ed509c26bc2a360ee39e7e
      size: 6381
    outs:
    - path: eval/out/metrics.json
      hash: md5
      md5: 6979bb8731deb8bdf3b5a5b864e55f81
      size: 624
    - path: eval/out/report.md
      hash: md5
      md5: 98f3165c13406c3f53576a504a7d6e06
      size: 3861
